// !$*UTF8*$!
{
	archiveVersion = 1;
	classes = {
	};
	objectVersion = 46;
	objects = {

/* Begin PBXBuildFile section */
		ADA9817EE6B76D5AABD111A5 /* AVFoundation.framework in Frameworks */ = {isa = PBXBuildFile; fileRef = ADA985888EC1405E04CFF9F8 /* AVFoundation.framework */; };
		ADA9819D517591E3BBEFA605 /* MIDIParser.m in Sources */ = {isa = PBXBuildFile; fileRef = ADA982786AB93473391F1CA9 /* MIDIParser.m */; };
		ADA98D463B67EF9DBA69FA00 /* TrackSetting.m in Sources */ = {isa = PBXBuildFile; fileRef = ADA9819B6EE53ECC47563C14 /* TrackSetting.m */; };
		ADA98DD16F6D8B112BFFA054 /* Trombone.aupreset in Resources */ = {isa = PBXBuildFile; fileRef = ADA980C445CEB7FDD5D2FA13 /* Trombone.aupreset */; };
		ADA98F201D05CB1C528D1C62 /* ChannelSetting.m in Sources */ = {isa = PBXBuildFile; fileRef = ADA980C59A688EEB0DED3B36 /* ChannelSetting.m */; };
		C5254AEF18E424E100E1DF59 /* Foundation.framework in Frameworks */ = {isa = PBXBuildFile; fileRef = C5254AEE18E424E100E1DF59 /* Foundation.framework */; };
		C5254AF118E424E100E1DF59 /* CoreGraphics.framework in Frameworks */ = {isa = PBXBuildFile; fileRef = C5254AF018E424E100E1DF59 /* CoreGraphics.framework */; };
		C5254AF318E424E100E1DF59 /* UIKit.framework in Frameworks */ = {isa = PBXBuildFile; fileRef = C5254AF218E424E100E1DF59 /* UIKit.framework */; };
		C5254AF918E424E100E1DF59 /* InfoPlist.strings in Resources */ = {isa = PBXBuildFile; fileRef = C5254AF718E424E100E1DF59 /* InfoPlist.strings */; };
		C5254AFB18E424E100E1DF59 /* main.m in Sources */ = {isa = PBXBuildFile; fileRef = C5254AFA18E424E100E1DF59 /* main.m */; };
		C5254AFF18E424E100E1DF59 /* AppDelegate.m in Sources */ = {isa = PBXBuildFile; fileRef = C5254AFE18E424E100E1DF59 /* AppDelegate.m */; };
		C5254B0218E424E100E1DF59 /* Main.storyboard in Resources */ = {isa = PBXBuildFile; fileRef = C5254B0018E424E100E1DF59 /* Main.storyboard */; };
		C5254B0518E424E100E1DF59 /* ViewController.m in Sources */ = {isa = PBXBuildFile; fileRef = C5254B0418E424E100E1DF59 /* ViewController.m */; };
		C5254B0718E424E100E1DF59 /* Images.xcassets in Resources */ = {isa = PBXBuildFile; fileRef = C5254B0618E424E100E1DF59 /* Images.xcassets */; };
		C5254B0E18E424E100E1DF59 /* XCTest.framework in Frameworks */ = {isa = PBXBuildFile; fileRef = C5254B0D18E424E100E1DF59 /* XCTest.framework */; };
		C5254B0F18E424E100E1DF59 /* Foundation.framework in Frameworks */ = {isa = PBXBuildFile; fileRef = C5254AEE18E424E100E1DF59 /* Foundation.framework */; };
		C5254B1018E424E100E1DF59 /* UIKit.framework in Frameworks */ = {isa = PBXBuildFile; fileRef = C5254AF218E424E100E1DF59 /* UIKit.framework */; };
		C5254B1818E424E100E1DF59 /* InfoPlist.strings in Resources */ = {isa = PBXBuildFile; fileRef = C5254B1618E424E100E1DF59 /* InfoPlist.strings */; };
		C5254B1A18E424E100E1DF59 /* MIDITests.m in Sources */ = {isa = PBXBuildFile; fileRef = C5254B1918E424E100E1DF59 /* MIDITests.m */; };
		C5254B2A18E4257500E1DF59 /* AudioToolbox.framework in Frameworks */ = {isa = PBXBuildFile; fileRef = C5254B2718E4257500E1DF59 /* AudioToolbox.framework */; };
		C5254B2C18E4257500E1DF59 /* CoreAudio.framework in Frameworks */ = {isa = PBXBuildFile; fileRef = C5254B2918E4257500E1DF59 /* CoreAudio.framework */; };
		C5254B2E18E42B4F00E1DF59 /* Vibraphone.aupreset in Resources */ = {isa = PBXBuildFile; fileRef = C5254B2D18E42B4F00E1DF59 /* Vibraphone.aupreset */; };
		C5254B3418E5911B00E1DF59 /* 1.mid in Resources */ = {isa = PBXBuildFile; fileRef = C5254B3318E5911B00E1DF59 /* 1.mid */; };
/* End PBXBuildFile section */

/* Begin PBXContainerItemProxy section */
		C5254B1118E424E100E1DF59 /* PBXContainerItemProxy */ = {
			isa = PBXContainerItemProxy;
			containerPortal = C5254AE318E424E000E1DF59 /* Project object */;
			proxyType = 1;
			remoteGlobalIDString = C5254AEA18E424E100E1DF59;
			remoteInfo = MIDI;
		};
/* End PBXContainerItemProxy section */

/* Begin PBXFileReference section */
		ADA980B3FFB1736D33C839B5 /* MIDIParser.h */ = {isa = PBXFileReference; fileEncoding = 4; lastKnownFileType = sourcecode.c.h; path = MIDIParser.h; sourceTree = "<group>"; };
		ADA980C445CEB7FDD5D2FA13 /* Trombone.aupreset */ = {isa = PBXFileReference; lastKnownFileType = file.aupreset; path = Trombone.aupreset; sourceTree = "<group>"; };
		ADA980C59A688EEB0DED3B36 /* ChannelSetting.m */ = {isa = PBXFileReference; fileEncoding = 4; lastKnownFileType = sourcecode.c.objc; path = ChannelSetting.m; sourceTree = "<group>"; };
		ADA980E629E6EDD7589962DF /* TrackSetting.h */ = {isa = PBXFileReference; fileEncoding = 4; lastKnownFileType = sourcecode.c.h; path = TrackSetting.h; sourceTree = "<group>"; };
		ADA9819B6EE53ECC47563C14 /* TrackSetting.m */ = {isa = PBXFileReference; fileEncoding = 4; lastKnownFileType = sourcecode.c.objc; path = TrackSetting.m; sourceTree = "<group>"; };
		ADA982786AB93473391F1CA9 /* MIDIParser.m */ = {isa = PBXFileReference; fileEncoding = 4; lastKnownFileType = sourcecode.c.objc; path = MIDIParser.m; sourceTree = "<group>"; };
		ADA985888EC1405E04CFF9F8 /* AVFoundation.framework */ = {isa = PBXFileReference; lastKnownFileType = wrapper.framework; name = AVFoundation.framework; path = System/Library/Frameworks/AVFoundation.framework; sourceTree = SDKROOT; };
		ADA989FE7FE1F08BE5708324 /* ChannelSetting.h */ = {isa = PBXFileReference; fileEncoding = 4; lastKnownFileType = sourcecode.c.h; path = ChannelSetting.h; sourceTree = "<group>"; };
		C5254AEB18E424E100E1DF59 /* MIDI.app */ = {isa = PBXFileReference; explicitFileType = wrapper.application; includeInIndex = 0; path = MIDI.app; sourceTree = BUILT_PRODUCTS_DIR; };
		C5254AEE18E424E100E1DF59 /* Foundation.framework */ = {isa = PBXFileReference; lastKnownFileType = wrapper.framework; name = Foundation.framework; path = System/Library/Frameworks/Foundation.framework; sourceTree = SDKROOT; };
		C5254AF018E424E100E1DF59 /* CoreGraphics.framework */ = {isa = PBXFileReference; lastKnownFileType = wrapper.framework; name = CoreGraphics.framework; path = System/Library/Frameworks/CoreGraphics.framework; sourceTree = SDKROOT; };
		C5254AF218E424E100E1DF59 /* UIKit.framework */ = {isa = PBXFileReference; lastKnownFileType = wrapper.framework; name = UIKit.framework; path = System/Library/Frameworks/UIKit.framework; sourceTree = SDKROOT; };
		C5254AF618E424E100E1DF59 /* MIDI-Info.plist */ = {isa = PBXFileReference; lastKnownFileType = text.plist.xml; path = "MIDI-Info.plist"; sourceTree = "<group>"; };
		C5254AF818E424E100E1DF59 /* en */ = {isa = PBXFileReference; lastKnownFileType = text.plist.strings; name = en; path = en.lproj/InfoPlist.strings; sourceTree = "<group>"; };
		C5254AFA18E424E100E1DF59 /* main.m */ = {isa = PBXFileReference; lastKnownFileType = sourcecode.c.objc; path = main.m; sourceTree = "<group>"; };
		C5254AFC18E424E100E1DF59 /* MIDI-Prefix.pch */ = {isa = PBXFileReference; lastKnownFileType = sourcecode.c.h; path = "MIDI-Prefix.pch"; sourceTree = "<group>"; };
		C5254AFD18E424E100E1DF59 /* AppDelegate.h */ = {isa = PBXFileReference; lastKnownFileType = sourcecode.c.h; path = AppDelegate.h; sourceTree = "<group>"; };
		C5254AFE18E424E100E1DF59 /* AppDelegate.m */ = {isa = PBXFileReference; lastKnownFileType = sourcecode.c.objc; path = AppDelegate.m; sourceTree = "<group>"; };
		C5254B0118E424E100E1DF59 /* Base */ = {isa = PBXFileReference; lastKnownFileType = file.storyboard; name = Base; path = Base.lproj/Main.storyboard; sourceTree = "<group>"; };
		C5254B0318E424E100E1DF59 /* ViewController.h */ = {isa = PBXFileReference; lastKnownFileType = sourcecode.c.h; path = ViewController.h; sourceTree = "<group>"; };
		C5254B0418E424E100E1DF59 /* ViewController.m */ = {isa = PBXFileReference; lastKnownFileType = sourcecode.c.objc; path = ViewController.m; sourceTree = "<group>"; };
		C5254B0618E424E100E1DF59 /* Images.xcassets */ = {isa = PBXFileReference; lastKnownFileType = folder.assetcatalog; path = Images.xcassets; sourceTree = "<group>"; };
		C5254B0C18E424E100E1DF59 /* MIDITests.xctest */ = {isa = PBXFileReference; explicitFileType = wrapper.cfbundle; includeInIndex = 0; path = MIDITests.xctest; sourceTree = BUILT_PRODUCTS_DIR; };
		C5254B0D18E424E100E1DF59 /* XCTest.framework */ = {isa = PBXFileReference; lastKnownFileType = wrapper.framework; name = XCTest.framework; path = Library/Frameworks/XCTest.framework; sourceTree = DEVELOPER_DIR; };
		C5254B1518E424E100E1DF59 /* MIDITests-Info.plist */ = {isa = PBXFileReference; lastKnownFileType = text.plist.xml; path = "MIDITests-Info.plist"; sourceTree = "<group>"; };
		C5254B1718E424E100E1DF59 /* en */ = {isa = PBXFileReference; lastKnownFileType = text.plist.strings; name = en; path = en.lproj/InfoPlist.strings; sourceTree = "<group>"; };
		C5254B1918E424E100E1DF59 /* MIDITests.m */ = {isa = PBXFileReference; lastKnownFileType = sourcecode.c.objc; path = MIDITests.m; sourceTree = "<group>"; };
		C5254B2718E4257500E1DF59 /* AudioToolbox.framework */ = {isa = PBXFileReference; lastKnownFileType = wrapper.framework; name = AudioToolbox.framework; path = System/Library/Frameworks/AudioToolbox.framework; sourceTree = SDKROOT; };
		C5254B2818E4257500E1DF59 /* AudioUnit.framework */ = {isa = PBXFileReference; lastKnownFileType = wrapper.framework; name = AudioUnit.framework; path = System/Library/Frameworks/AudioUnit.framework; sourceTree = SDKROOT; };
		C5254B2918E4257500E1DF59 /* CoreAudio.framework */ = {isa = PBXFileReference; lastKnownFileType = wrapper.framework; name = CoreAudio.framework; path = System/Library/Frameworks/CoreAudio.framework; sourceTree = SDKROOT; };
		C5254B2D18E42B4F00E1DF59 /* Vibraphone.aupreset */ = {isa = PBXFileReference; fileEncoding = 4; lastKnownFileType = text.xml; path = Vibraphone.aupreset; sourceTree = "<group>"; };
		C5254B3318E5911B00E1DF59 /* 1.mid */ = {isa = PBXFileReference; lastKnownFileType = audio.midi; path = 1.mid; sourceTree = "<group>"; };
/* End PBXFileReference section */

/* Begin PBXFrameworksBuildPhase section */
		C5254AE818E424E100E1DF59 /* Frameworks */ = {
			isa = PBXFrameworksBuildPhase;
			buildActionMask = 2147483647;
			files = (
				C5254B2A18E4257500E1DF59 /* AudioToolbox.framework in Frameworks */,
				C5254B2C18E4257500E1DF59 /* CoreAudio.framework in Frameworks */,
				C5254AF118E424E100E1DF59 /* CoreGraphics.framework in Frameworks */,
				C5254AF318E424E100E1DF59 /* UIKit.framework in Frameworks */,
				C5254AEF18E424E100E1DF59 /* Foundation.framework in Frameworks */,
				ADA9817EE6B76D5AABD111A5 /* AVFoundation.framework in Frameworks */,
			);
			runOnlyForDeploymentPostprocessing = 0;
		};
		C5254B0918E424E100E1DF59 /* Frameworks */ = {
			isa = PBXFrameworksBuildPhase;
			buildActionMask = 2147483647;
			files = (
				C5254B0E18E424E100E1DF59 /* XCTest.framework in Frameworks */,
				C5254B1018E424E100E1DF59 /* UIKit.framework in Frameworks */,
				C5254B0F18E424E100E1DF59 /* Foundation.framework in Frameworks */,
			);
			runOnlyForDeploymentPostprocessing = 0;
		};
/* End PBXFrameworksBuildPhase section */

/* Begin PBXGroup section */
		C5254AE218E424E000E1DF59 = {
			isa = PBXGroup;
			children = (
				C5254B2D18E42B4F00E1DF59 /* Vibraphone.aupreset */,
				C5254AF418E424E100E1DF59 /* MIDI */,
				C5254B1318E424E100E1DF59 /* MIDITests */,
				C5254AED18E424E100E1DF59 /* Frameworks */,
				C5254AEC18E424E100E1DF59 /* Products */,
				ADA980C445CEB7FDD5D2FA13 /* Trombone.aupreset */,
			);
			sourceTree = "<group>";
		};
		C5254AEC18E424E100E1DF59 /* Products */ = {
			isa = PBXGroup;
			children = (
				C5254AEB18E424E100E1DF59 /* MIDI.app */,
				C5254B0C18E424E100E1DF59 /* MIDITests.xctest */,
			);
			name = Products;
			sourceTree = "<group>";
		};
		C5254AED18E424E100E1DF59 /* Frameworks */ = {
			isa = PBXGroup;
			children = (
				C5254B2718E4257500E1DF59 /* AudioToolbox.framework */,
				C5254B2818E4257500E1DF59 /* AudioUnit.framework */,
				C5254B2918E4257500E1DF59 /* CoreAudio.framework */,
				C5254AEE18E424E100E1DF59 /* Foundation.framework */,
				C5254AF018E424E100E1DF59 /* CoreGraphics.framework */,
				C5254AF218E424E100E1DF59 /* UIKit.framework */,
				C5254B0D18E424E100E1DF59 /* XCTest.framework */,
				ADA985888EC1405E04CFF9F8 /* AVFoundation.framework */,
			);
			name = Frameworks;
			sourceTree = "<group>";
		};
		C5254AF418E424E100E1DF59 /* MIDI */ = {
			isa = PBXGroup;
			children = (
				C5254B3318E5911B00E1DF59 /* 1.mid */,
				C5254AFD18E424E100E1DF59 /* AppDelegate.h */,
				C5254AFE18E424E100E1DF59 /* AppDelegate.m */,
				C5254B0018E424E100E1DF59 /* Main.storyboard */,
				C5254B0318E424E100E1DF59 /* ViewController.h */,
				C5254B0418E424E100E1DF59 /* ViewController.m */,
				C5254B0618E424E100E1DF59 /* Images.xcassets */,
				C5254AF518E424E100E1DF59 /* Supporting Files */,
				ADA980C59A688EEB0DED3B36 /* ChannelSetting.m */,
				ADA989FE7FE1F08BE5708324 /* ChannelSetting.h */,
				ADA982786AB93473391F1CA9 /* MIDIParser.m */,
				ADA980B3FFB1736D33C839B5 /* MIDIParser.h */,
				ADA9819B6EE53ECC47563C14 /* TrackSetting.m */,
				ADA980E629E6EDD7589962DF /* TrackSetting.h */,
			);
			path = MIDI;
			sourceTree = "<group>";
		};
		C5254AF518E424E100E1DF59 /* Supporting Files */ = {
			isa = PBXGroup;
			children = (
				C5254AF618E424E100E1DF59 /* MIDI-Info.plist */,
				C5254AF718E424E100E1DF59 /* InfoPlist.strings */,
				C5254AFA18E424E100E1DF59 /* main.m */,
				C5254AFC18E424E100E1DF59 /* MIDI-Prefix.pch */,
			);
			name = "Supporting Files";
			sourceTree = "<group>";
		};
		C5254B1318E424E100E1DF59 /* MIDITests */ = {
			isa = PBXGroup;
			children = (
				C5254B1918E424E100E1DF59 /* MIDITests.m */,
				C5254B1418E424E100E1DF59 /* Supporting Files */,
			);
			path = MIDITests;
			sourceTree = "<group>";
		};
		C5254B1418E424E100E1DF59 /* Supporting Files */ = {
			isa = PBXGroup;
			children = (
				C5254B1518E424E100E1DF59 /* MIDITests-Info.plist */,
				C5254B1618E424E100E1DF59 /* InfoPlist.strings */,
			);
			name = "Supporting Files";
			sourceTree = "<group>";
		};
/* End PBXGroup section */

/* Begin PBXNativeTarget section */
		C5254AEA18E424E100E1DF59 /* MIDI */ = {
			isa = PBXNativeTarget;
			buildConfigurationList = C5254B1D18E424E100E1DF59 /* Build configuration list for PBXNativeTarget "MIDI" */;
			buildPhases = (
				C5254AE718E424E100E1DF59 /* Sources */,
				C5254AE818E424E100E1DF59 /* Frameworks */,
				C5254AE918E424E100E1DF59 /* Resources */,
			);
			buildRules = (
			);
			dependencies = (
			);
			name = MIDI;
			productName = MIDI;
			productReference = C5254AEB18E424E100E1DF59 /* MIDI.app */;
			productType = "com.apple.product-type.application";
		};
		C5254B0B18E424E100E1DF59 /* MIDITests */ = {
			isa = PBXNativeTarget;
			buildConfigurationList = C5254B2018E424E100E1DF59 /* Build configuration list for PBXNativeTarget "MIDITests" */;
			buildPhases = (
				C5254B0818E424E100E1DF59 /* Sources */,
				C5254B0918E424E100E1DF59 /* Frameworks */,
				C5254B0A18E424E100E1DF59 /* Resources */,
			);
			buildRules = (
			);
			dependencies = (
				C5254B1218E424E100E1DF59 /* PBXTargetDependency */,
			);
			name = MIDITests;
			productName = MIDITests;
			productReference = C5254B0C18E424E100E1DF59 /* MIDITests.xctest */;
			productType = "com.apple.product-type.bundle.unit-test";
		};
/* End PBXNativeTarget section */

/* Begin PBXProject section */
		C5254AE318E424E000E1DF59 /* Project object */ = {
			isa = PBXProject;
			attributes = {
				LastUpgradeCheck = 0510;
				ORGANIZATIONNAME = "Oleg Langer";
				TargetAttributes = {
					C5254B0B18E424E100E1DF59 = {
						TestTargetID = C5254AEA18E424E100E1DF59 /* MIDI */;
					};
				};
			};
			buildConfigurationList = C5254AE618E424E000E1DF59 /* Build configuration list for PBXProject "MIDI" */;
			compatibilityVersion = "Xcode 3.2";
			developmentRegion = English;
			hasScannedForEncodings = 0;
			knownRegions = (
				en,
				Base,
			);
			mainGroup = C5254AE218E424E000E1DF59;
			productRefGroup = C5254AEC18E424E100E1DF59 /* Products */;
			projectDirPath = "";
			projectRoot = "";
			targets = (
				C5254AEA18E424E100E1DF59 /* MIDI */,
				C5254B0B18E424E100E1DF59 /* MIDITests */,
			);
		};
/* End PBXProject section */

/* Begin PBXResourcesBuildPhase section */
		C5254AE918E424E100E1DF59 /* Resources */ = {
			isa = PBXResourcesBuildPhase;
			buildActionMask = 2147483647;
			files = (
				C5254B0718E424E100E1DF59 /* Images.xcassets in Resources */,
				C5254B2E18E42B4F00E1DF59 /* Vibraphone.aupreset in Resources */,
				C5254B3418E5911B00E1DF59 /* 1.mid in Resources */,
				C5254AF918E424E100E1DF59 /* InfoPlist.strings in Resources */,
				C5254B0218E424E100E1DF59 /* Main.storyboard in Resources */,
				ADA98DD16F6D8B112BFFA054 /* Trombone.aupreset in Resources */,
			);
			runOnlyForDeploymentPostprocessing = 0;
		};
		C5254B0A18E424E100E1DF59 /* Resources */ = {
			isa = PBXResourcesBuildPhase;
			buildActionMask = 2147483647;
			files = (
				C5254B1818E424E100E1DF59 /* InfoPlist.strings in Resources */,
			);
			runOnlyForDeploymentPostprocessing = 0;
		};
/* End PBXResourcesBuildPhase section */

/* Begin PBXSourcesBuildPhase section */
		C5254AE718E424E100E1DF59 /* Sources */ = {
			isa = PBXSourcesBuildPhase;
			buildActionMask = 2147483647;
			files = (
				C5254B0518E424E100E1DF59 /* ViewController.m in Sources */,
				C5254AFF18E424E100E1DF59 /* AppDelegate.m in Sources */,
				C5254AFB18E424E100E1DF59 /* main.m in Sources */,
				ADA98F201D05CB1C528D1C62 /* ChannelSetting.m in Sources */,
				ADA9819D517591E3BBEFA605 /* MIDIParser.m in Sources */,
				ADA98D463B67EF9DBA69FA00 /* TrackSetting.m in Sources */,
			);
			runOnlyForDeploymentPostprocessing = 0;
		};
		C5254B0818E424E100E1DF59 /* Sources */ = {
			isa = PBXSourcesBuildPhase;
			buildActionMask = 2147483647;
			files = (
				C5254B1A18E424E100E1DF59 /* MIDITests.m in Sources */,
			);
			runOnlyForDeploymentPostprocessing = 0;
		};
/* End PBXSourcesBuildPhase section */

/* Begin PBXTargetDependency section */
		C5254B1218E424E100E1DF59 /* PBXTargetDependency */ = {
			isa = PBXTargetDependency;
			target = C5254AEA18E424E100E1DF59 /* MIDI */;
			targetProxy = C5254B1118E424E100E1DF59 /* PBXContainerItemProxy */;
		};
/* End PBXTargetDependency section */

/* Begin PBXVariantGroup section */
		C5254AF718E424E100E1DF59 /* InfoPlist.strings */ = {
			isa = PBXVariantGroup;
			children = (
				C5254AF818E424E100E1DF59 /* en */,
			);
			name = InfoPlist.strings;
			sourceTree = "<group>";
		};
		C5254B0018E424E100E1DF59 /* Main.storyboard */ = {
			isa = PBXVariantGroup;
			children = (
				C5254B0118E424E100E1DF59 /* Base */,
			);
			name = Main.storyboard;
			sourceTree = "<group>";
		};
		C5254B1618E424E100E1DF59 /* InfoPlist.strings */ = {
			isa = PBXVariantGroup;
			children = (
				C5254B1718E424E100E1DF59 /* en */,
			);
			name = InfoPlist.strings;
			sourceTree = "<group>";
		};
/* End PBXVariantGroup section */

/* Begin XCBuildConfiguration section */
		C5254B1B18E424E100E1DF59 /* Debug */ = {
			isa = XCBuildConfiguration;
			buildSettings = {
				ALWAYS_SEARCH_USER_PATHS = NO;
				CLANG_CXX_LANGUAGE_STANDARD = "gnu++0x";
				CLANG_CXX_LIBRARY = "libc++";
				CLANG_ENABLE_MODULES = YES;
				CLANG_ENABLE_OBJC_ARC = YES;
				CLANG_WARN_BOOL_CONVERSION = YES;
				CLANG_WARN_CONSTANT_CONVERSION = YES;
				CLANG_WARN_DIRECT_OBJC_ISA_USAGE = YES_ERROR;
				CLANG_WARN_EMPTY_BODY = YES;
				CLANG_WARN_ENUM_CONVERSION = YES;
				CLANG_WARN_INT_CONVERSION = YES;
				CLANG_WARN_OBJC_ROOT_CLASS = YES_ERROR;
				CLANG_WARN__DUPLICATE_METHOD_MATCH = YES;
				"CODE_SIGN_IDENTITY[sdk=iphoneos*]" = "iPhone Developer";
				COPY_PHASE_STRIP = NO;
				GCC_C_LANGUAGE_STANDARD = gnu99;
				GCC_DYNAMIC_NO_PIC = NO;
				GCC_OPTIMIZATION_LEVEL = 0;
				GCC_PREPROCESSOR_DEFINITIONS = (
					"DEBUG=1",
					"$(inherited)",
				);
				GCC_SYMBOLS_PRIVATE_EXTERN = NO;
				GCC_WARN_64_TO_32_BIT_CONVERSION = YES;
				GCC_WARN_ABOUT_RETURN_TYPE = YES_ERROR;
				GCC_WARN_UNDECLARED_SELECTOR = YES;
				GCC_WARN_UNINITIALIZED_AUTOS = YES_AGGRESSIVE;
				GCC_WARN_UNUSED_FUNCTION = YES;
				GCC_WARN_UNUSED_VARIABLE = YES;
				IPHONEOS_DEPLOYMENT_TARGET = 7.1;
				ONLY_ACTIVE_ARCH = YES;
				SDKROOT = iphoneos;
			};
			name = Debug;
		};
		C5254B1C18E424E100E1DF59 /* Release */ = {
			isa = XCBuildConfiguration;
			buildSettings = {
				ALWAYS_SEARCH_USER_PATHS = NO;
				CLANG_CXX_LANGUAGE_STANDARD = "gnu++0x";
				CLANG_CXX_LIBRARY = "libc++";
				CLANG_ENABLE_MODULES = YES;
				CLANG_ENABLE_OBJC_ARC = YES;
				CLANG_WARN_BOOL_CONVERSION = YES;
				CLANG_WARN_CONSTANT_CONVERSION = YES;
				CLANG_WARN_DIRECT_OBJC_ISA_USAGE = YES_ERROR;
				CLANG_WARN_EMPTY_BODY = YES;
				CLANG_WARN_ENUM_CONVERSION = YES;
				CLANG_WARN_INT_CONVERSION = YES;
				CLANG_WARN_OBJC_ROOT_CLASS = YES_ERROR;
				CLANG_WARN__DUPLICATE_METHOD_MATCH = YES;
				"CODE_SIGN_IDENTITY[sdk=iphoneos*]" = "iPhone Developer";
				COPY_PHASE_STRIP = YES;
				ENABLE_NS_ASSERTIONS = NO;
				GCC_C_LANGUAGE_STANDARD = gnu99;
				GCC_WARN_64_TO_32_BIT_CONVERSION = YES;
				GCC_WARN_ABOUT_RETURN_TYPE = YES_ERROR;
				GCC_WARN_UNDECLARED_SELECTOR = YES;
				GCC_WARN_UNINITIALIZED_AUTOS = YES_AGGRESSIVE;
				GCC_WARN_UNUSED_FUNCTION = YES;
				GCC_WARN_UNUSED_VARIABLE = YES;
				IPHONEOS_DEPLOYMENT_TARGET = 7.1;
				SDKROOT = iphoneos;
				VALIDATE_PRODUCT = YES;
			};
			name = Release;
		};
		C5254B1E18E424E100E1DF59 /* Debug */ = {
			isa = XCBuildConfiguration;
			buildSettings = {
				ASSETCATALOG_COMPILER_APPICON_NAME = AppIcon;
				ASSETCATALOG_COMPILER_LAUNCHIMAGE_NAME = LaunchImage;
				GCC_PRECOMPILE_PREFIX_HEADER = YES;
				GCC_PREFIX_HEADER = "MIDI/MIDI-Prefix.pch";
				INFOPLIST_FILE = "MIDI/MIDI-Info.plist";
				PRODUCT_NAME = "$(TARGET_NAME)";
				WRAPPER_EXTENSION = app;
			};
			name = Debug;
		};
		C5254B1F18E424E100E1DF59 /* Release */ = {
			isa = XCBuildConfiguration;
			buildSettings = {
				ASSETCATALOG_COMPILER_APPICON_NAME = AppIcon;
				ASSETCATALOG_COMPILER_LAUNCHIMAGE_NAME = LaunchImage;
				GCC_PRECOMPILE_PREFIX_HEADER = YES;
				GCC_PREFIX_HEADER = "MIDI/MIDI-Prefix.pch";
				INFOPLIST_FILE = "MIDI/MIDI-Info.plist";
				PRODUCT_NAME = "$(TARGET_NAME)";
				WRAPPER_EXTENSION = app;
			};
			name = Release;
		};
		C5254B2118E424E100E1DF59 /* Debug */ = {
			isa = XCBuildConfiguration;
			buildSettings = {
				BUNDLE_LOADER = "$(BUILT_PRODUCTS_DIR)/MIDI.app/MIDI";
				FRAMEWORK_SEARCH_PATHS = (
					"$(SDKROOT)/Developer/Library/Frameworks",
					"$(inherited)",
					"$(DEVELOPER_FRAMEWORKS_DIR)",
				);
				GCC_PRECOMPILE_PREFIX_HEADER = YES;
				GCC_PREFIX_HEADER = "MIDI/MIDI-Prefix.pch";
				GCC_PREPROCESSOR_DEFINITIONS = (
					"DEBUG=1",
					"$(inherited)",
				);
				INFOPLIST_FILE = "MIDITests/MIDITests-Info.plist";
				PRODUCT_NAME = "$(TARGET_NAME)";
				TEST_HOST = "$(BUNDLE_LOADER)";
				WRAPPER_EXTENSION = xctest;
			};
			name = Debug;
		};
		C5254B2218E424E100E1DF59 /* Release */ = {
			isa = XCBuildConfiguration;
			buildSettings = {
				BUNDLE_LOADER = "$(BUILT_PRODUCTS_DIR)/MIDI.app/MIDI";
				FRAMEWORK_SEARCH_PATHS = (
					"$(SDKROOT)/Developer/Library/Frameworks",
					"$(inherited)",
					"$(DEVELOPER_FRAMEWORKS_DIR)",
				);
				GCC_PRECOMPILE_PREFIX_HEADER = YES;
				GCC_PREFIX_HEADER = "MIDI/MIDI-Prefix.pch";
				INFOPLIST_FILE = "MIDITests/MIDITests-Info.plist";
				PRODUCT_NAME = "$(TARGET_NAME)";
				TEST_HOST = "$(BUNDLE_LOADER)";
				WRAPPER_EXTENSION = xctest;
			};
			name = Release;
		};
/* End XCBuildConfiguration section */

/* Begin XCConfigurationList section */
		C5254AE618E424E000E1DF59 /* Build configuration list for PBXProject "MIDI" */ = {
			isa = XCConfigurationList;
			buildConfigurations = (
				C5254B1B18E424E100E1DF59 /* Debug */,
				C5254B1C18E424E100E1DF59 /* Release */,
			);
			defaultConfigurationIsVisible = 0;
			defaultConfigurationName = Release;
		};
		C5254B1D18E424E100E1DF59 /* Build configuration list for PBXNativeTarget "MIDI" */ = {
			isa = XCConfigurationList;
			buildConfigurations = (
				C5254B1E18E424E100E1DF59 /* Debug */,
				C5254B1F18E424E100E1DF59 /* Release */,
			);
			defaultConfigurationIsVisible = 0;
			defaultConfigurationName = Release;
		};
		C5254B2018E424E100E1DF59 /* Build configuration list for PBXNativeTarget "MIDITests" */ = {
			isa = XCConfigurationList;
			buildConfigurations = (
				C5254B2118E424E100E1DF59 /* Debug */,
				C5254B2218E424E100E1DF59 /* Release */,
			);
			defaultConfigurationIsVisible = 0;
			defaultConfigurationName = Release;
		};
/* End XCConfigurationList section */
	};
	rootObject = C5254AE318E424E000E1DF59 /* Project object */;
}
